
Microsoft Visual Studio Solution File, Format Version 12.00
# Visual Studio Version 16
VisualStudioVersion = 16.0.30717.126
MinimumVisualStudioVersion = 10.0.40219.1
Project("{9A19103F-16F7-4668-BE54-9A1E7A4F7556}") = "TheBotOf37s", "TheBotOf37s.csproj", "{EA7DFA97-5715-4567-AC2D-376C11A00949}"
EndProject
Project("{2150E333-8FDC-42A3-9474-1A3956D46DE8}") = "Solution Items", "Solution Items", "{6A72D133-4B52-48D9-B77B-65DE22A265D0}"
	ProjectSection(SolutionItems) = preProject
		.editorconfig = .editorconfig
	EndProjectSection
EndProject
Global
	GlobalSection(SolutionConfigurationPlatforms) = preSolution
		Debug|Any CPU = Debug|Any CPU
		Release|Any CPU = Release|Any CPU
	EndGlobalSection
	GlobalSection(ProjectConfigurationPlatforms) = postSolution
		{EA7DFA97-5715-4567-AC2D-376C11A00949}.Debug|Any CPU.ActiveCfg = Debug|Any CPU
		{EA7DFA97-5715-4567-AC2D-376C11A00949}.Debug|Any CPU.Build.0 = Debug|Any CPU
		{EA7DFA97-5715-4567-AC2D-376C11A00949}.Release|Any CPU.ActiveCfg = Release|Any CPU
		{EA7DFA97-5715-4567-AC2D-376C11A00949}.Release|Any CPU.Build.0 = Release|Any CPU
	EndGlobalSection
	GlobalSection(SolutionProperties) = preSolution
		HideSolutionNode = FALSE
	EndGlobalSection
	GlobalSection(ExtensibilityGlobals) = postSolution
		SolutionGuid = {DB5B5CB8-87F8-4059-AD40-B4FFE979CE81}
	EndGlobalSection
EndGlobal
